// !$*UTF8*$!
{
	archiveVersion = 1;
	classes = {
	};
	objectVersion = 56;
	objects = {

/* Begin PBXBuildFile section */
		E92676282A59715900069EBF /* GameView.swift in Sources */ = {isa = PBXBuildFile; fileRef = E92676272A59715900069EBF /* GameView.swift */; };
		E942709D2A5956E4007A39F2 /* GuessThePicApp.swift in Sources */ = {isa = PBXBuildFile; fileRef = E942709C2A5956E4007A39F2 /* GuessThePicApp.swift */; };
		E942709F2A5956E4007A39F2 /* ContentView.swift in Sources */ = {isa = PBXBuildFile; fileRef = E942709E2A5956E4007A39F2 /* ContentView.swift */; };
		E94270A12A5956E6007A39F2 /* Assets.xcassets in Resources */ = {isa = PBXBuildFile; fileRef = E94270A02A5956E6007A39F2 /* Assets.xcassets */; };
		E94270A42A5956E6007A39F2 /* Preview Assets.xcassets in Resources */ = {isa = PBXBuildFile; fileRef = E94270A32A5956E6007A39F2 /* Preview Assets.xcassets */; };
		E94270AB2A5957C1007A39F2 /* MenuView.swift in Sources */ = {isa = PBXBuildFile; fileRef = E94270AA2A5957C1007A39F2 /* MenuView.swift */; };
		E94270AD2A5957D5007A39F2 /* MatchManager.swift in Sources */ = {isa = PBXBuildFile; fileRef = E94270AC2A5957D5007A39F2 /* MatchManager.swift */; };
		E94270AF2A5957E7007A39F2 /* Misc.swift in Sources */ = {isa = PBXBuildFile; fileRef = E94270AE2A5957E7007A39F2 /* Misc.swift */; };
		E94270B12A59643B007A39F2 /* GameOverView.swift in Sources */ = {isa = PBXBuildFile; fileRef = E94270B02A59643B007A39F2 /* GameOverView.swift */; };
/* End PBXBuildFile section */

/* Begin PBXFileReference section */
		E92676272A59715900069EBF /* GameView.swift */ = {isa = PBXFileReference; lastKnownFileType = sourcecode.swift; path = GameView.swift; sourceTree = "<group>"; };
		E94270992A5956E4007A39F2 /* GuessThePic.app */ = {isa = PBXFileReference; explicitFileType = wrapper.application; includeInIndex = 0; path = GuessThePic.app; sourceTree = BUILT_PRODUCTS_DIR; };
		E942709C2A5956E4007A39F2 /* GuessThePicApp.swift */ = {isa = PBXFileReference; lastKnownFileType = sourcecode.swift; path = GuessThePicApp.swift; sourceTree = "<group>"; };
		E942709E2A5956E4007A39F2 /* ContentView.swift */ = {isa = PBXFileReference; lastKnownFileType = sourcecode.swift; path = ContentView.swift; sourceTree = "<group>"; };
		E94270A02A5956E6007A39F2 /* Assets.xcassets */ = {isa = PBXFileReference; lastKnownFileType = folder.assetcatalog; path = Assets.xcassets; sourceTree = "<group>"; };
		E94270A32A5956E6007A39F2 /* Preview Assets.xcassets */ = {isa = PBXFileReference; lastKnownFileType = folder.assetcatalog; path = "Preview Assets.xcassets"; sourceTree = "<group>"; };
		E94270AA2A5957C1007A39F2 /* MenuView.swift */ = {isa = PBXFileReference; lastKnownFileType = sourcecode.swift; path = MenuView.swift; sourceTree = "<group>"; };
		E94270AC2A5957D5007A39F2 /* MatchManager.swift */ = {isa = PBXFileReference; lastKnownFileType = sourcecode.swift; path = MatchManager.swift; sourceTree = "<group>"; };
		E94270AE2A5957E7007A39F2 /* Misc.swift */ = {isa = PBXFileReference; lastKnownFileType = sourcecode.swift; path = Misc.swift; sourceTree = "<group>"; };
		E94270B02A59643B007A39F2 /* GameOverView.swift */ = {isa = PBXFileReference; lastKnownFileType = sourcecode.swift; path = GameOverView.swift; sourceTree = "<group>"; };
/* End PBXFileReference section */

/* Begin PBXFrameworksBuildPhase section */
		E94270962A5956E4007A39F2 /* Frameworks */ = {
			isa = PBXFrameworksBuildPhase;
			buildActionMask = 2147483647;
			files = (
			);
			runOnlyForDeploymentPostprocessing = 0;
		};
/* End PBXFrameworksBuildPhase section */

/* Begin PBXGroup section */
		E94270902A5956E4007A39F2 = {
			isa = PBXGroup;
			children = (
				E942709B2A5956E4007A39F2 /* GuessThePic */,
				E942709A2A5956E4007A39F2 /* Products */,
			);
			sourceTree = "<group>";
		};
		E942709A2A5956E4007A39F2 /* Products */ = {
			isa = PBXGroup;
			children = (
				E94270992A5956E4007A39F2 /* GuessThePic.app */,
			);
			name = Products;
			sourceTree = "<group>";
		};
		E942709B2A5956E4007A39F2 /* GuessThePic */ = {
			isa = PBXGroup;
			children = (
				E942709C2A5956E4007A39F2 /* GuessThePicApp.swift */,
				E942709E2A5956E4007A39F2 /* ContentView.swift */,
				E94270A02A5956E6007A39F2 /* Assets.xcassets */,
				E94270A22A5956E6007A39F2 /* Preview Content */,
				E94270AA2A5957C1007A39F2 /* MenuView.swift */,
				E94270B02A59643B007A39F2 /* GameOverView.swift */,
				E92676272A59715900069EBF /* GameView.swift */,
				E94270AC2A5957D5007A39F2 /* MatchManager.swift */,
				E94270AE2A5957E7007A39F2 /* Misc.swift */,
			);
			path = GuessThePic;
			sourceTree = "<group>";
		};
		E94270A22A5956E6007A39F2 /* Preview Content */ = {
			isa = PBXGroup;
			children = (
				E94270A32A5956E6007A39F2 /* Preview Assets.xcassets */,
			);
			path = "Preview Content";
			sourceTree = "<group>";
		};
/* End PBXGroup section */

/* Begin PBXNativeTarget section */
		E94270982A5956E4007A39F2 /* GuessThePic */ = {
			isa = PBXNativeTarget;
			buildConfigurationList = E94270A72A5956E6007A39F2 /* Build configuration list for PBXNativeTarget "GuessThePic" */;
			buildPhases = (
				E94270952A5956E4007A39F2 /* Sources */,
				E94270962A5956E4007A39F2 /* Frameworks */,
				E94270972A5956E4007A39F2 /* Resources */,
			);
			buildRules = (
			);
			dependencies = (
			);
			name = GuessThePic;
			productName = GuessThePic;
			productReference = E94270992A5956E4007A39F2 /* GuessThePic.app */;
			productType = "com.apple.product-type.application";
		};
/* End PBXNativeTarget section */

/* Begin PBXProject section */
		E94270912A5956E4007A39F2 /* Project object */ = {
			isa = PBXProject;
			attributes = {
				BuildIndependentTargetsInParallel = 1;
				LastSwiftUpdateCheck = 1430;
				LastUpgradeCheck = 1430;
				TargetAttributes = {
					E94270982A5956E4007A39F2 = {
						CreatedOnToolsVersion = 14.3.1;
					};
				};
			};
			buildConfigurationList = E94270942A5956E4007A39F2 /* Build configuration list for PBXProject "GuessThePic" */;
			compatibilityVersion = "Xcode 14.0";
			developmentRegion = en;
			hasScannedForEncodings = 0;
			knownRegions = (
				en,
				Base,
			);
			mainGroup = E94270902A5956E4007A39F2;
			productRefGroup = E942709A2A5956E4007A39F2 /* Products */;
			projectDirPath = "";
			projectRoot = "";
			targets = (
				E94270982A5956E4007A39F2 /* GuessThePic */,
			);
		};
/* End PBXProject section */

/* Begin PBXResourcesBuildPhase section */
		E94270972A5956E4007A39F2 /* Resources */ = {
			isa = PBXResourcesBuildPhase;
			buildActionMask = 2147483647;
			files = (
				E94270A42A5956E6007A39F2 /* Preview Assets.xcassets in Resources */,
				E94270A12A5956E6007A39F2 /* Assets.xcassets in Resources */,
			);
			runOnlyForDeploymentPostprocessing = 0;
		};
/* End PBXResourcesBuildPhase section */

/* Begin PBXSourcesBuildPhase section */
		E94270952A5956E4007A39F2 /* Sources */ = {
			isa = PBXSourcesBuildPhase;
			buildActionMask = 2147483647;
			files = (
				E942709F2A5956E4007A39F2 /* ContentView.swift in Sources */,
				E94270AD2A5957D5007A39F2 /* MatchManager.swift in Sources */,
				E94270AB2A5957C1007A39F2 /* MenuView.swift in Sources */,
				E94270AF2A5957E7007A39F2 /* Misc.swift in Sources */,
				E94270B12A59643B007A39F2 /* GameOverView.swift in Sources */,
				E942709D2A5956E4007A39F2 /* GuessThePicApp.swift in Sources */,
				E92676282A59715900069EBF /* GameView.swift in Sources */,
			);
			runOnlyForDeploymentPostprocessing = 0;
		};
/* End PBXSourcesBuildPhase section */

/* Begin XCBuildConfiguration section */
		E94270A52A5956E6007A39F2 /* Debug */ = {
			isa = XCBuildConfiguration;
			buildSettings = {
				ALWAYS_SEARCH_USER_PATHS = NO;
				CLANG_ANALYZER_NONNULL = YES;
				CLANG_ANALYZER_NUMBER_OBJECT_CONVERSION = YES_AGGRESSIVE;
				CLANG_CXX_LANGUAGE_STANDARD = "gnu++20";
				CLANG_ENABLE_MODULES = YES;
				CLANG_ENABLE_OBJC_ARC = YES;
				CLANG_ENABLE_OBJC_WEAK = YES;
				CLANG_WARN_BLOCK_CAPTURE_AUTORELEASING = YES;
				CLANG_WARN_BOOL_CONVERSION = YES;
				CLANG_WARN_COMMA = YES;
				CLANG_WARN_CONSTANT_CONVERSION = YES;
				CLANG_WARN_DEPRECATED_OBJC_IMPLEMENTATIONS = YES;
				CLANG_WARN_DIRECT_OBJC_ISA_USAGE = YES_ERROR;
				CLANG_WARN_DOCUMENTATION_COMMENTS = YES;
				CLANG_WARN_EMPTY_BODY = YES;
				CLANG_WARN_ENUM_CONVERSION = YES;
				CLANG_WARN_INFINITE_RECURSION = YES;
				CLANG_WARN_INT_CONVERSION = YES;
				CLANG_WARN_NON_LITERAL_NULL_CONVERSION = YES;
				CLANG_WARN_OBJC_IMPLICIT_RETAIN_SELF = YES;
				CLANG_WARN_OBJC_LITERAL_CONVERSION = YES;
				CLANG_WARN_OBJC_ROOT_CLASS = YES_ERROR;
				CLANG_WARN_QUOTED_INCLUDE_IN_FRAMEWORK_HEADER = YES;
				CLANG_WARN_RANGE_LOOP_ANALYSIS = YES;
				CLANG_WARN_STRICT_PROTOTYPES = YES;
				CLANG_WARN_SUSPICIOUS_MOVE = YES;
				CLANG_WARN_UNGUARDED_AVAILABILITY = YES_AGGRESSIVE;
				CLANG_WARN_UNREACHABLE_CODE = YES;
				CLANG_WARN__DUPLICATE_METHOD_MATCH = YES;
				COPY_PHASE_STRIP = NO;
				DEBUG_INFORMATION_FORMAT = dwarf;
				ENABLE_STRICT_OBJC_MSGSEND = YES;
				ENABLE_TESTABILITY = YES;
				GCC_C_LANGUAGE_STANDARD = gnu11;
				GCC_DYNAMIC_NO_PIC = NO;
				GCC_NO_COMMON_BLOCKS = YES;
				GCC_OPTIMIZATION_LEVEL = 0;
				GCC_PREPROCESSOR_DEFINITIONS = (
					"DEBUG=1",
					"$(inherited)",
				);
				GCC_WARN_64_TO_32_BIT_CONVERSION = YES;
				GCC_WARN_ABOUT_RETURN_TYPE = YES_ERROR;
				GCC_WARN_UNDECLARED_SELECTOR = YES;
				GCC_WARN_UNINITIALIZED_AUTOS = YES_AGGRESSIVE;
				GCC_WARN_UNUSED_FUNCTION = YES;
				GCC_WARN_UNUSED_VARIABLE = YES;
				IPHONEOS_DEPLOYMENT_TARGET = 16.4;
				MTL_ENABLE_DEBUG_INFO = INCLUDE_SOURCE;
				MTL_FAST_MATH = YES;
				ONLY_ACTIVE_ARCH = YES;
				SDKROOT = iphoneos;
				SWIFT_ACTIVE_COMPILATION_CONDITIONS = DEBUG;
				SWIFT_OPTIMIZATION_LEVEL = "-Onone";
			};
			name = Debug;
		};
		E94270A62A5956E6007A39F2 /* Release */ = {
			isa = XCBuildConfiguration;
			buildSettings = {
				ALWAYS_SEARCH_USER_PATHS = NO;
				CLANG_ANALYZER_NONNULL = YES;
				CLANG_ANALYZER_NUMBER_OBJECT_CONVERSION = YES_AGGRESSIVE;
				CLANG_CXX_LANGUAGE_STANDARD = "gnu++20";
				CLANG_ENABLE_MODULES = YES;
				CLANG_ENABLE_OBJC_ARC = YES;
				CLANG_ENABLE_OBJC_WEAK = YES;
				CLANG_WARN_BLOCK_CAPTURE_AUTORELEASING = YES;
				CLANG_WARN_BOOL_CONVERSION = YES;
				CLANG_WARN_COMMA = YES;
				CLANG_WARN_CONSTANT_CONVERSION = YES;
				CLANG_WARN_DEPRECATED_OBJC_IMPLEMENTATIONS = YES;
				CLANG_WARN_DIRECT_OBJC_ISA_USAGE = YES_ERROR;
				CLANG_WARN_DOCUMENTATION_COMMENTS = YES;
				CLANG_WARN_EMPTY_BODY = YES;
				CLANG_WARN_ENUM_CONVERSION = YES;
				CLANG_WARN_INFINITE_RECURSION = YES;
				CLANG_WARN_INT_CONVERSION = YES;
				CLANG_WARN_NON_LITERAL_NULL_CONVERSION = YES;
				CLANG_WARN_OBJC_IMPLICIT_RETAIN_SELF = YES;
				CLANG_WARN_OBJC_LITERAL_CONVERSION = YES;
				CLANG_WARN_OBJC_ROOT_CLASS = YES_ERROR;
				CLANG_WARN_QUOTED_INCLUDE_IN_FRAMEWORK_HEADER = YES;
				CLANG_WARN_RANGE_LOOP_ANALYSIS = YES;
				CLANG_WARN_STRICT_PROTOTYPES = YES;
				CLANG_WARN_SUSPICIOUS_MOVE = YES;
				CLANG_WARN_UNGUARDED_AVAILABILITY = YES_AGGRESSIVE;
				CLANG_WARN_UNREACHABLE_CODE = YES;
				CLANG_WARN__DUPLICATE_METHOD_MATCH = YES;
				COPY_PHASE_STRIP = NO;
				DEBUG_INFORMATION_FORMAT = "dwarf-with-dsym";
				ENABLE_NS_ASSERTIONS = NO;
				ENABLE_STRICT_OBJC_MSGSEND = YES;
				GCC_C_LANGUAGE_STANDARD = gnu11;
				GCC_NO_COMMON_BLOCKS = YES;
				GCC_WARN_64_TO_32_BIT_CONVERSION = YES;
				GCC_WARN_ABOUT_RETURN_TYPE = YES_ERROR;
				GCC_WARN_UNDECLARED_SELECTOR = YES;
				GCC_WARN_UNINITIALIZED_AUTOS = YES_AGGRESSIVE;
				GCC_WARN_UNUSED_FUNCTION = YES;
				GCC_WARN_UNUSED_VARIABLE = YES;
				IPHONEOS_DEPLOYMENT_TARGET = 16.4;
				MTL_ENABLE_DEBUG_INFO = NO;
				MTL_FAST_MATH = YES;
				SDKROOT = iphoneos;
				SWIFT_COMPILATION_MODE = wholemodule;
				SWIFT_OPTIMIZATION_LEVEL = "-O";
				VALIDATE_PRODUCT = YES;
			};
			name = Release;
		};
		E94270A82A5956E6007A39F2 /* Debug */ = {
			isa = XCBuildConfiguration;
			buildSettings = {
				ASSETCATALOG_COMPILER_APPICON_NAME = AppIcon;
				ASSETCATALOG_COMPILER_GLOBAL_ACCENT_COLOR_NAME = AccentColor;
				CODE_SIGN_STYLE = Automatic;
				CURRENT_PROJECT_VERSION = 1;
				DEVELOPMENT_ASSET_PATHS = "\"GuessThePic/Preview Content\"";
				DEVELOPMENT_TEAM = 3V7H9MP56S;
				ENABLE_PREVIEWS = YES;
				GENERATE_INFOPLIST_FILE = YES;
				INFOPLIST_KEY_UIApplicationSceneManifest_Generation = YES;
				INFOPLIST_KEY_UIApplicationSupportsIndirectInputEvents = YES;
				INFOPLIST_KEY_UILaunchScreen_Generation = YES;
				INFOPLIST_KEY_UISupportedInterfaceOrientations_iPad = "UIInterfaceOrientationPortrait UIInterfaceOrientationPortraitUpsideDown UIInterfaceOrientationLandscapeLeft UIInterfaceOrientationLandscapeRight";
				INFOPLIST_KEY_UISupportedInterfaceOrientations_iPhone = "UIInterfaceOrientationPortrait UIInterfaceOrientationLandscapeLeft UIInterfaceOrientationLandscapeRight";
				LD_RUNPATH_SEARCH_PATHS = (
					"$(inherited)",
					"@executable_path/Frameworks",
				);
				MARKETING_VERSION = 1.0;
				PRODUCT_BUNDLE_IDENTIFIER = com.brave.GuessThePic;
				PRODUCT_NAME = "$(TARGET_NAME)";
				SWIFT_EMIT_LOC_STRINGS = YES;
				SWIFT_VERSION = 5.0;
				TARGETED_DEVICE_FAMILY = "1,2";
			};
			name = Debug;
		};
		E94270A92A5956E6007A39F2 /* Release */ = {
			isa = XCBuildConfiguration;
			buildSettings = {
				ASSETCATALOG_COMPILER_APPICON_NAME = AppIcon;
				ASSETCATALOG_COMPILER_GLOBAL_ACCENT_COLOR_NAME = AccentColor;
				CODE_SIGN_STYLE = Automatic;
				CURRENT_PROJECT_VERSION = 1;
				DEVELOPMENT_ASSET_PATHS = "\"GuessThePic/Preview Content\"";
				DEVELOPMENT_TEAM = 3V7H9MP56S;
				ENABLE_PREVIEWS = YES;
				GENERATE_INFOPLIST_FILE = YES;
				INFOPLIST_KEY_UIApplicationSceneManifest_Generation = YES;
				INFOPLIST_KEY_UIApplicationSupportsIndirectInputEvents = YES;
				INFOPLIST_KEY_UILaunchScreen_Generation = YES;
				INFOPLIST_KEY_UISupportedInterfaceOrientations_iPad = "UIInterfaceOrientationPortrait UIInterfaceOrientationPortraitUpsideDown UIInterfaceOrientationLandscapeLeft UIInterfaceOrientationLandscapeRight";
				INFOPLIST_KEY_UISupportedInterfaceOrientations_iPhone = "UIInterfaceOrientationPortrait UIInterfaceOrientationLandscapeLeft UIInterfaceOrientationLandscapeRight";
				LD_RUNPATH_SEARCH_PATHS = (
					"$(inherited)",
					"@executable_path/Frameworks",
				);
				MARKETING_VERSION = 1.0;
				PRODUCT_BUNDLE_IDENTIFIER = com.brave.GuessThePic;
				PRODUCT_NAME = "$(TARGET_NAME)";
				SWIFT_EMIT_LOC_STRINGS = YES;
				SWIFT_VERSION = 5.0;
				TARGETED_DEVICE_FAMILY = "1,2";
			};
			name = Release;
		};
/* End XCBuildConfiguration section */

/* Begin XCConfigurationList section */
		E94270942A5956E4007A39F2 /* Build configuration list for PBXProject "GuessThePic" */ = {
			isa = XCConfigurationList;
			buildConfigurations = (
				E94270A52A5956E6007A39F2 /* Debug */,
				E94270A62A5956E6007A39F2 /* Release */,
			);
			defaultConfigurationIsVisible = 0;
			defaultConfigurationName = Release;
		};
		E94270A72A5956E6007A39F2 /* Build configuration list for PBXNativeTarget "GuessThePic" */ = {
			isa = XCConfigurationList;
			buildConfigurations = (
				E94270A82A5956E6007A39F2 /* Debug */,
				E94270A92A5956E6007A39F2 /* Release */,
			);
			defaultConfigurationIsVisible = 0;
			defaultConfigurationName = Release;
		};
/* End XCConfigurationList section */
	};
	rootObject = E94270912A5956E4007A39F2 /* Project object */;
}
